
Microsoft Visual Studio Solution File, Format Version 12.00
# Visual Studio 2012
Project("{FAE04EC0-301F-11D3-BF4B-00C04F79EFBC}") = "DesignPattern", "DesignPattern\DesignPattern.csproj", "{707124A1-FD42-44A6-B2B9-B87C81B7271C}"
EndProject
Project("{FAE04EC0-301F-11D3-BF4B-00C04F79EFBC}") = "AbstractFactory", "AbstractFactory\AbstractFactory.csproj", "{EEC7AE0B-62A3-4421-BDF4-919C3B8DDCA8}"
EndProject
Global
	GlobalSection(SolutionConfigurationPlatforms) = preSolution
		Debug|Any CPU = Debug|Any CPU
		Release|Any CPU = Release|Any CPU
	EndGlobalSection
	GlobalSection(ProjectConfigurationPlatforms) = postSolution
		{707124A1-FD42-44A6-B2B9-B87C81B7271C}.Debug|Any CPU.ActiveCfg = Debug|Any CPU
		{707124A1-FD42-44A6-B2B9-B87C81B7271C}.Debug|Any CPU.Build.0 = Debug|Any CPU
		{707124A1-FD42-44A6-B2B9-B87C81B7271C}.Release|Any CPU.ActiveCfg = Release|Any CPU
		{707124A1-FD42-44A6-B2B9-B87C81B7271C}.Release|Any CPU.Build.0 = Release|Any CPU
		{EEC7AE0B-62A3-4421-BDF4-919C3B8DDCA8}.Debug|Any CPU.ActiveCfg = Debug|Any CPU
		{EEC7AE0B-62A3-4421-BDF4-919C3B8DDCA8}.Debug|Any CPU.Build.0 = Debug|Any CPU
		{EEC7AE0B-62A3-4421-BDF4-919C3B8DDCA8}.Release|Any CPU.ActiveCfg = Release|Any CPU
		{EEC7AE0B-62A3-4421-BDF4-919C3B8DDCA8}.Release|Any CPU.Build.0 = Release|Any CPU
	EndGlobalSection
	GlobalSection(SolutionProperties) = preSolution
		HideSolutionNode = FALSE
	EndGlobalSection
EndGlobal
